
Microsoft Visual Studio Solution File, Format Version 9.00
# Visual Studio 2005
Project("{8BC9CEB8-8B4A-11D0-8D11-00A0C91BC942}") = "yoyo", "yoyo\yoyo.vcproj", "{E8C25F1C-1588-4F6C-A975-92F54C3C1571}"
EndProject
Global
	GlobalSection(SolutionConfigurationPlatforms) = preSolution
		Debug|Win32 = Debug|Win32
		Release|Win32 = Release|Win32
	EndGlobalSection
	GlobalSection(ProjectConfigurationPlatforms) = postSolution
		{E8C25F1C-1588-4F6C-A975-92F54C3C1571}.Debug|Win32.ActiveCfg = Debug|Win32
		{E8C25F1C-1588-4F6C-A975-92F54C3C1571}.Debug|Win32.Build.0 = Debug|Win32
		{E8C25F1C-1588-4F6C-A975-92F54C3C1571}.Release|Win32.ActiveCfg = Release|Win32
		{E8C25F1C-1588-4F6C-A975-92F54C3C1571}.Release|Win32.Build.0 = Release|Win32
	EndGlobalSection
	GlobalSection(SolutionProperties) = preSolution
		HideSolutionNode = FALSE
	EndGlobalSection
EndGlobal
